
Microsoft Visual Studio Solution File, Format Version 12.00
# Visual Studio Version 17
VisualStudioVersion = 17.4.33213.308
MinimumVisualStudioVersion = 10.0.40219.1
Project("{FAE04EC0-301F-11D3-BF4B-00C04F79EFBC}") = "ExpandFirstVideoEvent", "ExpandFirstVideoEvent\ExpandFirstVideoEvent.csproj", "{3F995E50-19B4-49A9-A4E9-3F63B888ABC9}"
EndProject
Global
	GlobalSection(SolutionConfigurationPlatforms) = preSolution
		Debug|Any CPU = Debug|Any CPU
		Release|Any CPU = Release|Any CPU
	EndGlobalSection
	GlobalSection(ProjectConfigurationPlatforms) = postSolution
		{3F995E50-19B4-49A9-A4E9-3F63B888ABC9}.Debug|Any CPU.ActiveCfg = Debug|Any CPU
		{3F995E50-19B4-49A9-A4E9-3F63B888ABC9}.Debug|Any CPU.Build.0 = Debug|Any CPU
		{3F995E50-19B4-49A9-A4E9-3F63B888ABC9}.Release|Any CPU.ActiveCfg = Release|Any CPU
		{3F995E50-19B4-49A9-A4E9-3F63B888ABC9}.Release|Any CPU.Build.0 = Release|Any CPU
	EndGlobalSection
	GlobalSection(SolutionProperties) = preSolution
		HideSolutionNode = FALSE
	EndGlobalSection
	GlobalSection(ExtensibilityGlobals) = postSolution
		SolutionGuid = {8C34099D-3B7D-4433-9A40-81DAD2FCB04C}
	EndGlobalSection
EndGlobal
